
Microsoft Visual Studio Solution File, Format Version 12.00
# Visual Studio 2012
Project("{2150E333-8FDC-42A3-9474-1A3956D46DE8}") = "build", "build", "{74157E37-B532-4924-A66B-95D2B3F04E64}"
	ProjectSection(SolutionItems) = preProject
		PingYourPackage.msbuild = PingYourPackage.msbuild
	EndProjectSection
EndProject
Project("{2150E333-8FDC-42A3-9474-1A3956D46DE8}") = "apps", "apps", "{6333B09F-C77E-4C6C-983B-E9070FDBB05F}"
EndProject
Project("{2150E333-8FDC-42A3-9474-1A3956D46DE8}") = "test", "test", "{A9BC3B11-7731-43F1-BD7F-0B6403261B17}"
EndProject
Project("{FAE04EC0-301F-11D3-BF4B-00C04F79EFBC}") = "PingYourPackage.Domain", "src\apps\PingYourPackage.Domain\PingYourPackage.Domain.csproj", "{07577155-9347-4C1B-A54B-0E621D293A03}"
EndProject
Project("{FAE04EC0-301F-11D3-BF4B-00C04F79EFBC}") = "PingYourPackage.API", "src\apps\PingYourPackage.API\PingYourPackage.API.csproj", "{56C0608B-2A3C-40E8-B0E9-CC27E5181BFB}"
EndProject
Project("{FAE04EC0-301F-11D3-BF4B-00C04F79EFBC}") = "PingYourPackage.API.WebHost", "src\apps\PingYourPackage.API.WebHost\PingYourPackage.API.WebHost.csproj", "{D3AD5114-FB84-45A4-9AF9-53963651FB12}"
EndProject
Project("{FAE04EC0-301F-11D3-BF4B-00C04F79EFBC}") = "PingYourPackage.WebClient", "src\apps\PingYourPackage.WebClient\PingYourPackage.WebClient.csproj", "{001D1C48-CD04-43C6-B428-18A2B5DAE00A}"
EndProject
Project("{2150E333-8FDC-42A3-9474-1A3956D46DE8}") = "core", "core", "{24EC2A87-AB3E-4553-ABF7-F6FB0F05B710}"
EndProject
Global
	GlobalSection(SolutionConfigurationPlatforms) = preSolution
		Debug|Any CPU = Debug|Any CPU
		Release|Any CPU = Release|Any CPU
	EndGlobalSection
	GlobalSection(ProjectConfigurationPlatforms) = postSolution
		{001D1C48-CD04-43C6-B428-18A2B5DAE00A}.Debug|Any CPU.ActiveCfg = Debug|Any CPU
		{001D1C48-CD04-43C6-B428-18A2B5DAE00A}.Debug|Any CPU.Build.0 = Debug|Any CPU
		{001D1C48-CD04-43C6-B428-18A2B5DAE00A}.Release|Any CPU.ActiveCfg = Release|Any CPU
		{001D1C48-CD04-43C6-B428-18A2B5DAE00A}.Release|Any CPU.Build.0 = Release|Any CPU
		{07577155-9347-4C1B-A54B-0E621D293A03}.Debug|Any CPU.ActiveCfg = Debug|Any CPU
		{07577155-9347-4C1B-A54B-0E621D293A03}.Debug|Any CPU.Build.0 = Debug|Any CPU
		{07577155-9347-4C1B-A54B-0E621D293A03}.Release|Any CPU.ActiveCfg = Release|Any CPU
		{07577155-9347-4C1B-A54B-0E621D293A03}.Release|Any CPU.Build.0 = Release|Any CPU
		{56C0608B-2A3C-40E8-B0E9-CC27E5181BFB}.Debug|Any CPU.ActiveCfg = Debug|Any CPU
		{56C0608B-2A3C-40E8-B0E9-CC27E5181BFB}.Debug|Any CPU.Build.0 = Debug|Any CPU
		{56C0608B-2A3C-40E8-B0E9-CC27E5181BFB}.Release|Any CPU.ActiveCfg = Release|Any CPU
		{56C0608B-2A3C-40E8-B0E9-CC27E5181BFB}.Release|Any CPU.Build.0 = Release|Any CPU
		{D3AD5114-FB84-45A4-9AF9-53963651FB12}.Debug|Any CPU.ActiveCfg = Debug|Any CPU
		{D3AD5114-FB84-45A4-9AF9-53963651FB12}.Debug|Any CPU.Build.0 = Debug|Any CPU
		{D3AD5114-FB84-45A4-9AF9-53963651FB12}.Release|Any CPU.ActiveCfg = Release|Any CPU
		{D3AD5114-FB84-45A4-9AF9-53963651FB12}.Release|Any CPU.Build.0 = Release|Any CPU
	EndGlobalSection
	GlobalSection(SolutionProperties) = preSolution
		HideSolutionNode = FALSE
	EndGlobalSection
	GlobalSection(NestedProjects) = preSolution
		{001D1C48-CD04-43C6-B428-18A2B5DAE00A} = {6333B09F-C77E-4C6C-983B-E9070FDBB05F}
		{07577155-9347-4C1B-A54B-0E621D293A03} = {24EC2A87-AB3E-4553-ABF7-F6FB0F05B710}
		{56C0608B-2A3C-40E8-B0E9-CC27E5181BFB} = {24EC2A87-AB3E-4553-ABF7-F6FB0F05B710}
		{D3AD5114-FB84-45A4-9AF9-53963651FB12} = {6333B09F-C77E-4C6C-983B-E9070FDBB05F}
	EndGlobalSection
EndGlobal
